x
Microsoft Visual Studio Solution File, Format Version 12.00
# Visual Studio Version 16
VisualStudioVersion = 16.0.30524.135
MinimumVisualStudioVersion = 10.0.40219.1
Project("{9A19103F-16F7-4668-BE54-9A1E7A4F7556}") = "Necruit.Domain", "Necruit.Domain\Necruit.Domain.csproj", "{886E09A4-F3D9-447C-8F98-2A6A69BE39C1}"
EndProject
Project("{9A19103F-16F7-4668-BE54-9A1E7A4F7556}") = "Necruit.Infrastructure", "Necruit.Infrastructure\Necruit.Infrastructure.csproj", "{156217F5-9995-47B3-8115-AE83353BF654}"
EndProject
Project("{9A19103F-16F7-4668-BE54-9A1E7A4F7556}") = "Necruit.Application", "Necruit.Application\Necruit.Application.csproj", "{AD9EE5EC-101E-4D4E-B6FA-002DF83575B6}"
EndProject
Project("{9A19103F-16F7-4668-BE54-9A1E7A4F7556}") = "Necruit.Api", "Necruit.Api\Necruit.Api.csproj", "{28BDF5E1-B157-4788-81B4-8D5609F60BDD}"
EndProject
Global
	GlobalSection(SolutionConfigurationPlatforms) = preSolution
		Debug|Any CPU = Debug|Any CPU
		Release|Any CPU = Release|Any CPU
	EndGlobalSection
	GlobalSection(ProjectConfigurationPlatforms) = postSolution
		{886E09A4-F3D9-447C-8F98-2A6A69BE39C1}.Debug|Any CPU.ActiveCfg = Debug|Any CPU
		{886E09A4-F3D9-447C-8F98-2A6A69BE39C1}.Debug|Any CPU.Build.0 = Debug|Any CPU
		{886E09A4-F3D9-447C-8F98-2A6A69BE39C1}.Release|Any CPU.ActiveCfg = Release|Any CPU
		{886E09A4-F3D9-447C-8F98-2A6A69BE39C1}.Release|Any CPU.Build.0 = Release|Any CPU
		{156217F5-9995-47B3-8115-AE83353BF654}.Debug|Any CPU.ActiveCfg = Debug|Any CPU
		{156217F5-9995-47B3-8115-AE83353BF654}.Debug|Any CPU.Build.0 = Debug|Any CPU
		{156217F5-9995-47B3-8115-AE83353BF654}.Release|Any CPU.ActiveCfg = Release|Any CPU
		{156217F5-9995-47B3-8115-AE83353BF654}.Release|Any CPU.Build.0 = Release|Any CPU
		{AD9EE5EC-101E-4D4E-B6FA-002DF83575B6}.Debug|Any CPU.ActiveCfg = Debug|Any CPU
		{AD9EE5EC-101E-4D4E-B6FA-002DF83575B6}.Debug|Any CPU.Build.0 = Debug|Any CPU
		{AD9EE5EC-101E-4D4E-B6FA-002DF83575B6}.Release|Any CPU.ActiveCfg = Release|Any CPU
		{AD9EE5EC-101E-4D4E-B6FA-002DF83575B6}.Release|Any CPU.Build.0 = Release|Any CPU
		{28BDF5E1-B157-4788-81B4-8D5609F60BDD}.Debug|Any CPU.ActiveCfg = Debug|Any CPU
		{28BDF5E1-B157-4788-81B4-8D5609F60BDD}.Debug|Any CPU.Build.0 = Debug|Any CPU
		{28BDF5E1-B157-4788-81B4-8D5609F60BDD}.Release|Any CPU.ActiveCfg = Release|Any CPU
		{28BDF5E1-B157-4788-81B4-8D5609F60BDD}.Release|Any CPU.Build.0 = Release|Any CPU
	EndGlobalSection
	GlobalSection(SolutionProperties) = preSolution
		HideSolutionNode = FALSE
	EndGlobalSection
	GlobalSection(ExtensibilityGlobals) = postSolution
		SolutionGuid = {770386DE-2F45-4925-8406-7BC673628259}
	EndGlobalSection
EndGlobal
